
Microsoft Visual Studio Solution File, Format Version 11.00
# Visual C# Express 2010
Project("{FAE04EC0-301F-11D3-BF4B-00C04F79EFBC}") = "Streams_product", "Streams_product\Streams_product.csproj", "{560AD673-E113-4ACE-96FD-FD3FC06B8108}"
EndProject
Global
	GlobalSection(SolutionConfigurationPlatforms) = preSolution
		Debug|x86 = Debug|x86
		Release|x86 = Release|x86
	EndGlobalSection
	GlobalSection(ProjectConfigurationPlatforms) = postSolution
		{560AD673-E113-4ACE-96FD-FD3FC06B8108}.Debug|x86.ActiveCfg = Debug|x86
		{560AD673-E113-4ACE-96FD-FD3FC06B8108}.Debug|x86.Build.0 = Debug|x86
		{560AD673-E113-4ACE-96FD-FD3FC06B8108}.Release|x86.ActiveCfg = Release|x86
		{560AD673-E113-4ACE-96FD-FD3FC06B8108}.Release|x86.Build.0 = Release|x86
	EndGlobalSection
	GlobalSection(SolutionProperties) = preSolution
		HideSolutionNode = FALSE
	EndGlobalSection
EndGlobal
